
Microsoft Visual Studio Solution File, Format Version 12.00
# Visual Studio Version 16
VisualStudioVersion = 16.0.31313.79
MinimumVisualStudioVersion = 10.0.40219.1
Project("{2150E333-8FDC-42A3-9474-1A3956D46DE8}") = "1.Presentation", "1.Presentation", "{89644BEB-A29B-44D8-A0E2-C71E6EF067D7}"
EndProject
Project("{2150E333-8FDC-42A3-9474-1A3956D46DE8}") = "2.Application", "2.Application", "{0370CE61-0B95-4B98-A0BC-CB0F791AFB55}"
EndProject
Project("{2150E333-8FDC-42A3-9474-1A3956D46DE8}") = "3.Domain", "3.Domain", "{16D0976E-C536-4C9D-BF2E-3E7DFBEB8D45}"
EndProject
Project("{2150E333-8FDC-42A3-9474-1A3956D46DE8}") = "4.Infra", "4.Infra", "{F3C0973A-D88D-44A0-9806-B2672339DF2D}"
EndProject
Project("{9A19103F-16F7-4668-BE54-9A1E7A4F7556}") = "Coopership.ITDeveloper.Mvc", "src\Coopership.ITDeveloper.Mvc\Coopership.ITDeveloper.Mvc.csproj", "{286D9E43-4A53-4A7A-9785-3B6655D10F6D}"
EndProject
Project("{9A19103F-16F7-4668-BE54-9A1E7A4F7556}") = "Coopership.ITDeveloper.Domain", "src\Coopership.ITDeveloper.Domain\Coopership.ITDeveloper.Domain.csproj", "{473B1789-099C-4D62-89DA-BD5E2884E9C2}"
EndProject
Project("{2150E333-8FDC-42A3-9474-1A3956D46DE8}") = "4.1,Data", "4.1,Data", "{2E73FCA1-5970-47D1-A157-5801173AD5C3}"
EndProject
Project("{9A19103F-16F7-4668-BE54-9A1E7A4F7556}") = "Coopership.ITDeveloper.Data", "src\Coopership.ITDeveloper.Data\Coopership.ITDeveloper.Data.csproj", "{6FEFDEEF-B59E-4D31-A2EA-BEAA1BEFD7A5}"
EndProject
Project("{9A19103F-16F7-4668-BE54-9A1E7A4F7556}") = "Coopership.ITDeveloper.DomainCore", "src\Coopership.ITDeveloper.DomainCore\Coopership.ITDeveloper.DomainCore.csproj", "{B97E7DBC-61C0-4E0F-99AD-759323EBDCB9}"
EndProject
Project("{2150E333-8FDC-42A3-9474-1A3956D46DE8}") = "5.Console", "5.Console", "{B761E331-5F9C-4617-8D48-F90B3D3EE3B9}"
EndProject
Project("{9A19103F-16F7-4668-BE54-9A1E7A4F7556}") = "Coopership.ITDeveloper.ConsoleApp", "src\Coopership.ITDeveloper.ConsoleApp\Coopership.ITDeveloper.ConsoleApp.csproj", "{FF6AF1E7-68C8-42C0-AA1E-85A10EC875C9}"
EndProject
Global
	GlobalSection(SolutionConfigurationPlatforms) = preSolution
		Debug|Any CPU = Debug|Any CPU
		Release|Any CPU = Release|Any CPU
	EndGlobalSection
	GlobalSection(ProjectConfigurationPlatforms) = postSolution
		{286D9E43-4A53-4A7A-9785-3B6655D10F6D}.Debug|Any CPU.ActiveCfg = Debug|Any CPU
		{286D9E43-4A53-4A7A-9785-3B6655D10F6D}.Debug|Any CPU.Build.0 = Debug|Any CPU
		{286D9E43-4A53-4A7A-9785-3B6655D10F6D}.Release|Any CPU.ActiveCfg = Release|Any CPU
		{286D9E43-4A53-4A7A-9785-3B6655D10F6D}.Release|Any CPU.Build.0 = Release|Any CPU
		{473B1789-099C-4D62-89DA-BD5E2884E9C2}.Debug|Any CPU.ActiveCfg = Debug|Any CPU
		{473B1789-099C-4D62-89DA-BD5E2884E9C2}.Debug|Any CPU.Build.0 = Debug|Any CPU
		{473B1789-099C-4D62-89DA-BD5E2884E9C2}.Release|Any CPU.ActiveCfg = Release|Any CPU
		{473B1789-099C-4D62-89DA-BD5E2884E9C2}.Release|Any CPU.Build.0 = Release|Any CPU
		{6FEFDEEF-B59E-4D31-A2EA-BEAA1BEFD7A5}.Debug|Any CPU.ActiveCfg = Debug|Any CPU
		{6FEFDEEF-B59E-4D31-A2EA-BEAA1BEFD7A5}.Debug|Any CPU.Build.0 = Debug|Any CPU
		{6FEFDEEF-B59E-4D31-A2EA-BEAA1BEFD7A5}.Release|Any CPU.ActiveCfg = Release|Any CPU
		{6FEFDEEF-B59E-4D31-A2EA-BEAA1BEFD7A5}.Release|Any CPU.Build.0 = Release|Any CPU
		{B97E7DBC-61C0-4E0F-99AD-759323EBDCB9}.Debug|Any CPU.ActiveCfg = Debug|Any CPU
		{B97E7DBC-61C0-4E0F-99AD-759323EBDCB9}.Debug|Any CPU.Build.0 = Debug|Any CPU
		{B97E7DBC-61C0-4E0F-99AD-759323EBDCB9}.Release|Any CPU.ActiveCfg = Release|Any CPU
		{B97E7DBC-61C0-4E0F-99AD-759323EBDCB9}.Release|Any CPU.Build.0 = Release|Any CPU
		{FF6AF1E7-68C8-42C0-AA1E-85A10EC875C9}.Debug|Any CPU.ActiveCfg = Debug|Any CPU
		{FF6AF1E7-68C8-42C0-AA1E-85A10EC875C9}.Debug|Any CPU.Build.0 = Debug|Any CPU
		{FF6AF1E7-68C8-42C0-AA1E-85A10EC875C9}.Release|Any CPU.ActiveCfg = Release|Any CPU
		{FF6AF1E7-68C8-42C0-AA1E-85A10EC875C9}.Release|Any CPU.Build.0 = Release|Any CPU
	EndGlobalSection
	GlobalSection(SolutionProperties) = preSolution
		HideSolutionNode = FALSE
	EndGlobalSection
	GlobalSection(NestedProjects) = preSolution
		{286D9E43-4A53-4A7A-9785-3B6655D10F6D} = {89644BEB-A29B-44D8-A0E2-C71E6EF067D7}
		{473B1789-099C-4D62-89DA-BD5E2884E9C2} = {16D0976E-C536-4C9D-BF2E-3E7DFBEB8D45}
		{2E73FCA1-5970-47D1-A157-5801173AD5C3} = {F3C0973A-D88D-44A0-9806-B2672339DF2D}
		{6FEFDEEF-B59E-4D31-A2EA-BEAA1BEFD7A5} = {2E73FCA1-5970-47D1-A157-5801173AD5C3}
		{B97E7DBC-61C0-4E0F-99AD-759323EBDCB9} = {16D0976E-C536-4C9D-BF2E-3E7DFBEB8D45}
		{FF6AF1E7-68C8-42C0-AA1E-85A10EC875C9} = {B761E331-5F9C-4617-8D48-F90B3D3EE3B9}
	EndGlobalSection
	GlobalSection(ExtensibilityGlobals) = postSolution
		SolutionGuid = {D515080E-0379-4C6A-B569-419E3F9893F4}
	EndGlobalSection
EndGlobal
